
Microsoft Visual Studio Solution File, Format Version 12.00
# Visual Studio 2015
Project("{FAE04EC0-301F-11D3-BF4B-00C04F79EFBC}") = "CubeRPG.Plugins", "CubeRPG.Plugins.csproj", "{53060555-9D27-6BB3-10C0-D46B70B03604}"
EndProject
Project("{FAE04EC0-301F-11D3-BF4B-00C04F79EFBC}") = "CubeRPG", "CubeRPG.csproj", "{6C93E940-21D9-88E0-DCDA-9931EDE2DFF4}"
EndProject
Project("{FAE04EC0-301F-11D3-BF4B-00C04F79EFBC}") = "CubeRPG.Editor.Plugins", "CubeRPG.Editor.Plugins.csproj", "{1A52F726-BA97-27F9-CCF5-2E003AE34F21}"
EndProject
Global
	GlobalSection(SolutionConfigurationPlatforms) = preSolution
		Debug|Any CPU = Debug|Any CPU
		Release|Any CPU = Release|Any CPU
	EndGlobalSection
	GlobalSection(ProjectConfigurationPlatforms) = postSolution
		{53060555-9D27-6BB3-10C0-D46B70B03604}.Debug|Any CPU.ActiveCfg = Debug|Any CPU
		{53060555-9D27-6BB3-10C0-D46B70B03604}.Debug|Any CPU.Build.0 = Debug|Any CPU
		{53060555-9D27-6BB3-10C0-D46B70B03604}.Release|Any CPU.ActiveCfg = Release|Any CPU
		{53060555-9D27-6BB3-10C0-D46B70B03604}.Release|Any CPU.Build.0 = Release|Any CPU
		{6C93E940-21D9-88E0-DCDA-9931EDE2DFF4}.Debug|Any CPU.ActiveCfg = Debug|Any CPU
		{6C93E940-21D9-88E0-DCDA-9931EDE2DFF4}.Debug|Any CPU.Build.0 = Debug|Any CPU
		{6C93E940-21D9-88E0-DCDA-9931EDE2DFF4}.Release|Any CPU.ActiveCfg = Release|Any CPU
		{6C93E940-21D9-88E0-DCDA-9931EDE2DFF4}.Release|Any CPU.Build.0 = Release|Any CPU
		{1A52F726-BA97-27F9-CCF5-2E003AE34F21}.Debug|Any CPU.ActiveCfg = Debug|Any CPU
		{1A52F726-BA97-27F9-CCF5-2E003AE34F21}.Debug|Any CPU.Build.0 = Debug|Any CPU
		{1A52F726-BA97-27F9-CCF5-2E003AE34F21}.Release|Any CPU.ActiveCfg = Release|Any CPU
		{1A52F726-BA97-27F9-CCF5-2E003AE34F21}.Release|Any CPU.Build.0 = Release|Any CPU
	EndGlobalSection
	GlobalSection(SolutionProperties) = preSolution
		HideSolutionNode = FALSE
	EndGlobalSection
EndGlobal
